
Microsoft Visual Studio Solution File, Format Version 12.00
# Visual Studio Version 16
VisualStudioVersion = 16.0.34114.132
MinimumVisualStudioVersion = 10.0.40219.1
Project("{FAE04EC0-301F-11D3-BF4B-00C04F79EFBC}") = "teknisyenAyar", "teknisyenAyar.csproj", "{B26EBAC3-B3B3-4BE0-8DB6-20E54D1FAF0E}"
EndProject
Global
	GlobalSection(SolutionConfigurationPlatforms) = preSolution
		Debug|Any CPU = Debug|Any CPU
		Release|Any CPU = Release|Any CPU
	EndGlobalSection
	GlobalSection(ProjectConfigurationPlatforms) = postSolution
		{B26EBAC3-B3B3-4BE0-8DB6-20E54D1FAF0E}.Debug|Any CPU.ActiveCfg = Debug|Any CPU
		{B26EBAC3-B3B3-4BE0-8DB6-20E54D1FAF0E}.Debug|Any CPU.Build.0 = Debug|Any CPU
		{B26EBAC3-B3B3-4BE0-8DB6-20E54D1FAF0E}.Release|Any CPU.ActiveCfg = Release|Any CPU
		{B26EBAC3-B3B3-4BE0-8DB6-20E54D1FAF0E}.Release|Any CPU.Build.0 = Release|Any CPU
	EndGlobalSection
	GlobalSection(SolutionProperties) = preSolution
		HideSolutionNode = FALSE
	EndGlobalSection
	GlobalSection(ExtensibilityGlobals) = postSolution
		SolutionGuid = {AADB5242-CEB8-49E5-B6FB-B1E8F0F7655F}
	EndGlobalSection
EndGlobal
